
Microsoft Visual Studio Solution File, Format Version 12.00
# Visual Studio Version 17
VisualStudioVersion = 17.3.32929.385
MinimumVisualStudioVersion = 10.0.40219.1
Project("{9A19103F-16F7-4668-BE54-9A1E7A4F7556}") = "RESTful API Olymp", "RESTful API Olymp\RESTful API Olymp.csproj", "{363523C3-6928-457D-B736-C9AC55FEB0C8}"
EndProject
Global
	GlobalSection(SolutionConfigurationPlatforms) = preSolution
		Debug|Any CPU = Debug|Any CPU
		Release|Any CPU = Release|Any CPU
	EndGlobalSection
	GlobalSection(ProjectConfigurationPlatforms) = postSolution
		{363523C3-6928-457D-B736-C9AC55FEB0C8}.Debug|Any CPU.ActiveCfg = Debug|Any CPU
		{363523C3-6928-457D-B736-C9AC55FEB0C8}.Debug|Any CPU.Build.0 = Debug|Any CPU
		{363523C3-6928-457D-B736-C9AC55FEB0C8}.Release|Any CPU.ActiveCfg = Release|Any CPU
		{363523C3-6928-457D-B736-C9AC55FEB0C8}.Release|Any CPU.Build.0 = Release|Any CPU
	EndGlobalSection
	GlobalSection(SolutionProperties) = preSolution
		HideSolutionNode = FALSE
	EndGlobalSection
	GlobalSection(ExtensibilityGlobals) = postSolution
		SolutionGuid = {6AD98B2A-D4D0-4C59-A78C-2856914A26CC}
	EndGlobalSection
EndGlobal
